# Prisma Migrate lockfile v1

20200917145022-init
20200921130401-renaming-and-cleaning
20200925115030-adjust-model
20200925115654-recordings
20200925115803-add-recordings-again
20200925120137-non-optionals
20200925120823-rename-fieelds
20200925150753-optional-again
20200925151657-lowercase
20201103173148-cleanup
20201103173722-remove-counter-from-detenction-type
20201103180237-counter-comment
20201104125033-rename-counter-to-area
20201104132451-rename-couterid-to-areaid
20201104133623-add-mongo-id-to-area
20201105132122-detection-with-mongo-id
20201105140156-unique-id-and-mongoid
20201105140623-detections-in-recordings
20201105142509-add-recording-to-trajectories
20201105142708-recording-with-mongo-id